
Microsoft Visual Studio Solution File, Format Version 12.00
# Visual Studio 2012
Project("{FAE04EC0-301F-11D3-BF4B-00C04F79EFBC}") = "MMDrawerController.iOS", "MMDrawerController.iOS\MMDrawerController.iOS.csproj", "{9D64A07F-BA79-46C3-91CF-70C32B86C523}"
EndProject
Project("{FAE04EC0-301F-11D3-BF4B-00C04F79EFBC}") = "MMDrawerControllerKitchenSink", "..\sample\MMDrawerControllerKitchenSink\MMDrawerControllerKitchenSink.csproj", "{950B6EBF-EE26-4EF0-90F8-3571AFCE1D18}"
EndProject
Global
	GlobalSection(SolutionConfigurationPlatforms) = preSolution
		Debug|Any CPU = Debug|Any CPU
		Release|Any CPU = Release|Any CPU
		Debug|iPhoneSimulator = Debug|iPhoneSimulator
		Release|iPhoneSimulator = Release|iPhoneSimulator
		Debug|iPhone = Debug|iPhone
		Release|iPhone = Release|iPhone
		Ad-Hoc|iPhone = Ad-Hoc|iPhone
		AppStore|iPhone = AppStore|iPhone
	EndGlobalSection
	GlobalSection(ProjectConfigurationPlatforms) = postSolution
		{950B6EBF-EE26-4EF0-90F8-3571AFCE1D18}.Ad-Hoc|iPhone.ActiveCfg = Ad-Hoc|iPhone
		{950B6EBF-EE26-4EF0-90F8-3571AFCE1D18}.Ad-Hoc|iPhone.Build.0 = Ad-Hoc|iPhone
		{950B6EBF-EE26-4EF0-90F8-3571AFCE1D18}.AppStore|iPhone.ActiveCfg = AppStore|iPhone
		{950B6EBF-EE26-4EF0-90F8-3571AFCE1D18}.AppStore|iPhone.Build.0 = AppStore|iPhone
		{950B6EBF-EE26-4EF0-90F8-3571AFCE1D18}.Debug|Any CPU.ActiveCfg = Debug|iPhoneSimulator
		{950B6EBF-EE26-4EF0-90F8-3571AFCE1D18}.Debug|Any CPU.Build.0 = Debug|iPhoneSimulator
		{950B6EBF-EE26-4EF0-90F8-3571AFCE1D18}.Debug|iPhone.ActiveCfg = Debug|iPhone
		{950B6EBF-EE26-4EF0-90F8-3571AFCE1D18}.Debug|iPhone.Build.0 = Debug|iPhone
		{950B6EBF-EE26-4EF0-90F8-3571AFCE1D18}.Debug|iPhoneSimulator.ActiveCfg = Debug|iPhoneSimulator
		{950B6EBF-EE26-4EF0-90F8-3571AFCE1D18}.Debug|iPhoneSimulator.Build.0 = Debug|iPhoneSimulator
		{950B6EBF-EE26-4EF0-90F8-3571AFCE1D18}.Release|Any CPU.ActiveCfg = Release|iPhoneSimulator
		{950B6EBF-EE26-4EF0-90F8-3571AFCE1D18}.Release|Any CPU.Build.0 = Release|iPhoneSimulator
		{950B6EBF-EE26-4EF0-90F8-3571AFCE1D18}.Release|iPhone.ActiveCfg = Release|iPhone
		{950B6EBF-EE26-4EF0-90F8-3571AFCE1D18}.Release|iPhone.Build.0 = Release|iPhone
		{950B6EBF-EE26-4EF0-90F8-3571AFCE1D18}.Release|iPhoneSimulator.ActiveCfg = Release|iPhoneSimulator
		{950B6EBF-EE26-4EF0-90F8-3571AFCE1D18}.Release|iPhoneSimulator.Build.0 = Release|iPhoneSimulator
		{9D64A07F-BA79-46C3-91CF-70C32B86C523}.Ad-Hoc|iPhone.ActiveCfg = Debug|Any CPU
		{9D64A07F-BA79-46C3-91CF-70C32B86C523}.Ad-Hoc|iPhone.Build.0 = Debug|Any CPU
		{9D64A07F-BA79-46C3-91CF-70C32B86C523}.AppStore|iPhone.ActiveCfg = Debug|Any CPU
		{9D64A07F-BA79-46C3-91CF-70C32B86C523}.AppStore|iPhone.Build.0 = Debug|Any CPU
		{9D64A07F-BA79-46C3-91CF-70C32B86C523}.Debug|Any CPU.ActiveCfg = Debug|Any CPU
		{9D64A07F-BA79-46C3-91CF-70C32B86C523}.Debug|Any CPU.Build.0 = Debug|Any CPU
		{9D64A07F-BA79-46C3-91CF-70C32B86C523}.Debug|iPhone.ActiveCfg = Debug|Any CPU
		{9D64A07F-BA79-46C3-91CF-70C32B86C523}.Debug|iPhone.Build.0 = Debug|Any CPU
		{9D64A07F-BA79-46C3-91CF-70C32B86C523}.Debug|iPhoneSimulator.ActiveCfg = Debug|Any CPU
		{9D64A07F-BA79-46C3-91CF-70C32B86C523}.Debug|iPhoneSimulator.Build.0 = Debug|Any CPU
		{9D64A07F-BA79-46C3-91CF-70C32B86C523}.Release|Any CPU.ActiveCfg = Release|Any CPU
		{9D64A07F-BA79-46C3-91CF-70C32B86C523}.Release|Any CPU.Build.0 = Release|Any CPU
		{9D64A07F-BA79-46C3-91CF-70C32B86C523}.Release|iPhone.ActiveCfg = Release|Any CPU
		{9D64A07F-BA79-46C3-91CF-70C32B86C523}.Release|iPhone.Build.0 = Release|Any CPU
		{9D64A07F-BA79-46C3-91CF-70C32B86C523}.Release|iPhoneSimulator.ActiveCfg = Release|Any CPU
		{9D64A07F-BA79-46C3-91CF-70C32B86C523}.Release|iPhoneSimulator.Build.0 = Release|Any CPU
	EndGlobalSection
	GlobalSection(MonoDevelopProperties) = preSolution
		StartupItem = ..\sample\MMDrawerControllerKitchenSink\MMDrawerControllerKitchenSink.csproj
	EndGlobalSection
EndGlobal
